Microsoft Visual Studio Solution File, Format Version 12.00
# Visual Studio Version 17
VisualStudioVersion = 17.5.2.0
MinimumVisualStudioVersion = 10.0.40219.1
Project("{FAE04EC0-301F-11D3-BF4B-00C04F79EFBC}") = "NoteProject", "NoteProject.csproj", "{DFC23B19-ECAE-CAC0-A5F6-CE895C353DFA}"
EndProject
Global
	GlobalSection(SolutionConfigurationPlatforms) = preSolution
		Debug|Any CPU = Debug|Any CPU
		Release|Any CPU = Release|Any CPU
	EndGlobalSection
	GlobalSection(ProjectConfigurationPlatforms) = postSolution
		{DFC23B19-ECAE-CAC0-A5F6-CE895C353DFA}.Debug|Any CPU.ActiveCfg = Debug|Any CPU
		{DFC23B19-ECAE-CAC0-A5F6-CE895C353DFA}.Debug|Any CPU.Build.0 = Debug|Any CPU
		{DFC23B19-ECAE-CAC0-A5F6-CE895C353DFA}.Release|Any CPU.ActiveCfg = Release|Any CPU
		{DFC23B19-ECAE-CAC0-A5F6-CE895C353DFA}.Release|Any CPU.Build.0 = Release|Any CPU
	EndGlobalSection
	GlobalSection(SolutionProperties) = preSolution
		HideSolutionNode = FALSE
	EndGlobalSection
	GlobalSection(ExtensibilityGlobals) = postSolution
		SolutionGuid = {25579317-02B8-4D68-92B5-7D2E3ABEADB8}
	EndGlobalSection
EndGlobal
